{
  "name": "reverse-cldr",
  "version": "1.0.0",
  "lockfileVersion": 2,
  "requires": true,
  "packages": {
    "": {
      "version": "1.0.0",
      "license": "MIT",
      "dependencies": {
        "cldr-core": "^39.0.0",
        "cldr-dates-modern": "^39.0.0",
        "cldr-numbers-modern": "^39.0.0"
      }
    },
    "node_modules/cldr-core": {
      "version": "39.0.0",
      "resolved": "https://registry.npmjs.org/cldr-core/-/cldr-core-39.0.0.tgz",
      "integrity": "sha512-ZSElD4Ckl2W3ApP+jz8XXOWen+UqELaO76P0J1H6SKxWuwkba1zmE5gU0grNyuI1RAYwBRUhbeIV+YTsJ7yw3g=="
    },
    "node_modules/cldr-dates-modern": {
      "version": "39.0.0",
      "resolved": "https://registry.npmjs.org/cldr-dates-modern/-/cldr-dates-modern-39.0.0.tgz",
      "integrity": "sha512-G3RYbbDEFJ8bUOrXWL9MD6W6jDafm3WgbtSGLpcS7lJQuc5voSy6flkNOS5NN0SxZXnTH4hRIFRdeS3lduanWg==",
      "peerDependencies": {
        "cldr-numbers-modern": "39.0.0"
      }
    },
    "node_modules/cldr-numbers-modern": {
      "version": "39.0.0",
      "resolved": "https://registry.npmjs.org/cldr-numbers-modern/-/cldr-numbers-modern-39.0.0.tgz",
      "integrity": "sha512-Na9PUy5idpVryB+vJYuh8wJR2OzXEOFagVb3leuD38iyY8aNuADg9A+g1qM3uqab3Vm67ZL+IwavBRIdNgDvJQ==",
      "peerDependencies": {
        "cldr-core": "39.0.0"
      }
    }
  },
  "dependencies": {
    "cldr-core": {
      "version": "39.0.0",
      "resolved": "https://registry.npmjs.org/cldr-core/-/cldr-core-39.0.0.tgz",
      "integrity": "sha512-ZSElD4Ckl2W3ApP+jz8XXOWen+UqELaO76P0J1H6SKxWuwkba1zmE5gU0grNyuI1RAYwBRUhbeIV+YTsJ7yw3g=="
    },
    "cldr-dates-modern": {
      "version": "39.0.0",
      "resolved": "https://registry.npmjs.org/cldr-dates-modern/-/cldr-dates-modern-39.0.0.tgz",
      "integrity": "sha512-G3RYbbDEFJ8bUOrXWL9MD6W6jDafm3WgbtSGLpcS7lJQuc5voSy6flkNOS5NN0SxZXnTH4hRIFRdeS3lduanWg==",
      "requires": {}
    },
    "cldr-numbers-modern": {
      "version": "39.0.0",
      "resolved": "https://registry.npmjs.org/cldr-numbers-modern/-/cldr-numbers-modern-39.0.0.tgz",
      "integrity": "sha512-Na9PUy5idpVryB+vJYuh8wJR2OzXEOFagVb3leuD38iyY8aNuADg9A+g1qM3uqab3Vm67ZL+IwavBRIdNgDvJQ==",
      "requires": {}
    }
  }
}
